{
  "name": "mcpf-adb",
  "version": "1.0.0",
  "lockfileVersion": 3,
  "requires": true,
  "packages": {
    "": {
      "name": "mcpf-adb",
      "version": "1.0.0",
      "license": "MIT",
      "dependencies": {
        "@htmonkeyg/tformat": "^1.0.0"
      },
      "bin": {
        "mcpf-adb": "main.js"
      }
    },
    "node_modules/@htmonkeyg/tformat": {
      "version": "1.0.0",
      "resolved": "https://registry.npmjs.org/@htmonkeyg/tformat/-/tformat-1.0.0.tgz",
      "integrity": "sha512-bFNpHlglfqYrhEg5TJFzJOgorzWEwtBwwD6Ktt1s6/qDgZjOis1rQiVc3sXQzsfzq3WSi6RDhzm43Qao+OkDvg=="
    }
  }
}
